
Microsoft Visual Studio Solution File, Format Version 12.00
# Visual Studio Version 17
VisualStudioVersion = 17.4.33213.308
MinimumVisualStudioVersion = 10.0.40219.1
Project("{FAE04EC0-301F-11D3-BF4B-00C04F79EFBC}") = "AbstractClass01", "AbstractClass01\AbstractClass01.csproj", "{ADCCF6F4-7A69-4F16-AE23-92DC2E99D541}"
EndProject
Global
	GlobalSection(SolutionConfigurationPlatforms) = preSolution
		Debug|Any CPU = Debug|Any CPU
		Release|Any CPU = Release|Any CPU
	EndGlobalSection
	GlobalSection(ProjectConfigurationPlatforms) = postSolution
		{ADCCF6F4-7A69-4F16-AE23-92DC2E99D541}.Debug|Any CPU.ActiveCfg = Debug|Any CPU
		{ADCCF6F4-7A69-4F16-AE23-92DC2E99D541}.Debug|Any CPU.Build.0 = Debug|Any CPU
		{ADCCF6F4-7A69-4F16-AE23-92DC2E99D541}.Release|Any CPU.ActiveCfg = Release|Any CPU
		{ADCCF6F4-7A69-4F16-AE23-92DC2E99D541}.Release|Any CPU.Build.0 = Release|Any CPU
	EndGlobalSection
	GlobalSection(SolutionProperties) = preSolution
		HideSolutionNode = FALSE
	EndGlobalSection
	GlobalSection(ExtensibilityGlobals) = postSolution
		SolutionGuid = {D378A932-1AB0-450B-8BF9-1DAAEDBCD565}
	EndGlobalSection
EndGlobal
